
Microsoft Visual Studio Solution File, Format Version 12.00
# Visual Studio Version 17
VisualStudioVersion = 17.11.35219.272
MinimumVisualStudioVersion = 10.0.40219.1
Project("{2150E333-8FDC-42A3-9474-1A3956D46DE8}") = "Solution Items", "Solution Items", "{0C4C18FF-4455-496A-94D3-294EDF17E8D4}"
	ProjectSection(SolutionItems) = preProject
		.editorconfig = .editorconfig
		Directory.Build.props = Directory.Build.props
		docker-compose.yml = docker-compose.yml
		README.md = README.md
	EndProjectSection
EndProject
Project("{FAE04EC0-301F-11D3-BF4B-00C04F79EFBC}") = "Test", "Test\Test.csproj", "{A6DF2601-FBC8-46C5-9A66-E30D2FAEE2A6}"
EndProject
Project("{FAE04EC0-301F-11D3-BF4B-00C04F79EFBC}") = "Api", "Api\Api.csproj", "{6B4A0449-4C92-4AEE-963A-8F37040C6BD5}"
EndProject
Project("{FAE04EC0-301F-11D3-BF4B-00C04F79EFBC}") = "Core", "Core\Core.csproj", "{AC3ED9B8-1F7B-452E-8980-4FDB6C8064BE}"
EndProject
Project("{FAE04EC0-301F-11D3-BF4B-00C04F79EFBC}") = "Infrastructure", "Infrastructure\Infrastructure.csproj", "{479D7DD0-68F4-4638-8212-37FE3FBAE7B5}"
EndProject
Global
	GlobalSection(SolutionConfigurationPlatforms) = preSolution
		Debug|Any CPU = Debug|Any CPU
		Debug|x64 = Debug|x64
		Debug|x86 = Debug|x86
		Qual|Any CPU = Qual|Any CPU
		Qual|x64 = Qual|x64
		Qual|x86 = Qual|x86
		Release|Any CPU = Release|Any CPU
		Release|x64 = Release|x64
		Release|x86 = Release|x86
	EndGlobalSection
	GlobalSection(ProjectConfigurationPlatforms) = postSolution
		{A6DF2601-FBC8-46C5-9A66-E30D2FAEE2A6}.Debug|Any CPU.ActiveCfg = Debug|Any CPU
		{A6DF2601-FBC8-46C5-9A66-E30D2FAEE2A6}.Debug|Any CPU.Build.0 = Debug|Any CPU
		{A6DF2601-FBC8-46C5-9A66-E30D2FAEE2A6}.Debug|x64.ActiveCfg = Debug|Any CPU
		{A6DF2601-FBC8-46C5-9A66-E30D2FAEE2A6}.Debug|x64.Build.0 = Debug|Any CPU
		{A6DF2601-FBC8-46C5-9A66-E30D2FAEE2A6}.Debug|x86.ActiveCfg = Debug|Any CPU
		{A6DF2601-FBC8-46C5-9A66-E30D2FAEE2A6}.Debug|x86.Build.0 = Debug|Any CPU
		{A6DF2601-FBC8-46C5-9A66-E30D2FAEE2A6}.Qual|Any CPU.ActiveCfg = Debug|Any CPU
		{A6DF2601-FBC8-46C5-9A66-E30D2FAEE2A6}.Qual|Any CPU.Build.0 = Debug|Any CPU
		{A6DF2601-FBC8-46C5-9A66-E30D2FAEE2A6}.Qual|x64.ActiveCfg = Qual|Any CPU
		{A6DF2601-FBC8-46C5-9A66-E30D2FAEE2A6}.Qual|x64.Build.0 = Qual|Any CPU
		{A6DF2601-FBC8-46C5-9A66-E30D2FAEE2A6}.Qual|x86.ActiveCfg = Qual|Any CPU
		{A6DF2601-FBC8-46C5-9A66-E30D2FAEE2A6}.Qual|x86.Build.0 = Qual|Any CPU
		{A6DF2601-FBC8-46C5-9A66-E30D2FAEE2A6}.Release|Any CPU.ActiveCfg = Release|Any CPU
		{A6DF2601-FBC8-46C5-9A66-E30D2FAEE2A6}.Release|Any CPU.Build.0 = Release|Any CPU
		{A6DF2601-FBC8-46C5-9A66-E30D2FAEE2A6}.Release|x64.ActiveCfg = Release|Any CPU
		{A6DF2601-FBC8-46C5-9A66-E30D2FAEE2A6}.Release|x64.Build.0 = Release|Any CPU
		{A6DF2601-FBC8-46C5-9A66-E30D2FAEE2A6}.Release|x86.ActiveCfg = Release|Any CPU
		{A6DF2601-FBC8-46C5-9A66-E30D2FAEE2A6}.Release|x86.Build.0 = Release|Any CPU
		{6B4A0449-4C92-4AEE-963A-8F37040C6BD5}.Debug|Any CPU.ActiveCfg = Debug|Any CPU
		{6B4A0449-4C92-4AEE-963A-8F37040C6BD5}.Debug|Any CPU.Build.0 = Debug|Any CPU
		{6B4A0449-4C92-4AEE-963A-8F37040C6BD5}.Debug|x64.ActiveCfg = Debug|Any CPU
		{6B4A0449-4C92-4AEE-963A-8F37040C6BD5}.Debug|x64.Build.0 = Debug|Any CPU
		{6B4A0449-4C92-4AEE-963A-8F37040C6BD5}.Debug|x86.ActiveCfg = Debug|Any CPU
		{6B4A0449-4C92-4AEE-963A-8F37040C6BD5}.Debug|x86.Build.0 = Debug|Any CPU
		{6B4A0449-4C92-4AEE-963A-8F37040C6BD5}.Qual|Any CPU.ActiveCfg = Debug|Any CPU
		{6B4A0449-4C92-4AEE-963A-8F37040C6BD5}.Qual|Any CPU.Build.0 = Debug|Any CPU
		{6B4A0449-4C92-4AEE-963A-8F37040C6BD5}.Qual|x64.ActiveCfg = Debug|Any CPU
		{6B4A0449-4C92-4AEE-963A-8F37040C6BD5}.Qual|x64.Build.0 = Debug|Any CPU
		{6B4A0449-4C92-4AEE-963A-8F37040C6BD5}.Qual|x86.ActiveCfg = Debug|Any CPU
		{6B4A0449-4C92-4AEE-963A-8F37040C6BD5}.Qual|x86.Build.0 = Debug|Any CPU
		{6B4A0449-4C92-4AEE-963A-8F37040C6BD5}.Release|Any CPU.ActiveCfg = Release|Any CPU
		{6B4A0449-4C92-4AEE-963A-8F37040C6BD5}.Release|Any CPU.Build.0 = Release|Any CPU
		{6B4A0449-4C92-4AEE-963A-8F37040C6BD5}.Release|x64.ActiveCfg = Release|Any CPU
		{6B4A0449-4C92-4AEE-963A-8F37040C6BD5}.Release|x64.Build.0 = Release|Any CPU
		{6B4A0449-4C92-4AEE-963A-8F37040C6BD5}.Release|x86.ActiveCfg = Release|Any CPU
		{6B4A0449-4C92-4AEE-963A-8F37040C6BD5}.Release|x86.Build.0 = Release|Any CPU
		{AC3ED9B8-1F7B-452E-8980-4FDB6C8064BE}.Debug|Any CPU.ActiveCfg = Debug|Any CPU
		{AC3ED9B8-1F7B-452E-8980-4FDB6C8064BE}.Debug|Any CPU.Build.0 = Debug|Any CPU
		{AC3ED9B8-1F7B-452E-8980-4FDB6C8064BE}.Debug|x64.ActiveCfg = Debug|Any CPU
		{AC3ED9B8-1F7B-452E-8980-4FDB6C8064BE}.Debug|x64.Build.0 = Debug|Any CPU
		{AC3ED9B8-1F7B-452E-8980-4FDB6C8064BE}.Debug|x86.ActiveCfg = Debug|Any CPU
		{AC3ED9B8-1F7B-452E-8980-4FDB6C8064BE}.Debug|x86.Build.0 = Debug|Any CPU
		{AC3ED9B8-1F7B-452E-8980-4FDB6C8064BE}.Qual|Any CPU.ActiveCfg = Debug|Any CPU
		{AC3ED9B8-1F7B-452E-8980-4FDB6C8064BE}.Qual|Any CPU.Build.0 = Debug|Any CPU
		{AC3ED9B8-1F7B-452E-8980-4FDB6C8064BE}.Qual|x64.ActiveCfg = Debug|Any CPU
		{AC3ED9B8-1F7B-452E-8980-4FDB6C8064BE}.Qual|x64.Build.0 = Debug|Any CPU
		{AC3ED9B8-1F7B-452E-8980-4FDB6C8064BE}.Qual|x86.ActiveCfg = Debug|Any CPU
		{AC3ED9B8-1F7B-452E-8980-4FDB6C8064BE}.Qual|x86.Build.0 = Debug|Any CPU
		{AC3ED9B8-1F7B-452E-8980-4FDB6C8064BE}.Release|Any CPU.ActiveCfg = Release|Any CPU
		{AC3ED9B8-1F7B-452E-8980-4FDB6C8064BE}.Release|Any CPU.Build.0 = Release|Any CPU
		{AC3ED9B8-1F7B-452E-8980-4FDB6C8064BE}.Release|x64.ActiveCfg = Release|Any CPU
		{AC3ED9B8-1F7B-452E-8980-4FDB6C8064BE}.Release|x64.Build.0 = Release|Any CPU
		{AC3ED9B8-1F7B-452E-8980-4FDB6C8064BE}.Release|x86.ActiveCfg = Release|Any CPU
		{AC3ED9B8-1F7B-452E-8980-4FDB6C8064BE}.Release|x86.Build.0 = Release|Any CPU
		{479D7DD0-68F4-4638-8212-37FE3FBAE7B5}.Debug|Any CPU.ActiveCfg = Debug|Any CPU
		{479D7DD0-68F4-4638-8212-37FE3FBAE7B5}.Debug|Any CPU.Build.0 = Debug|Any CPU
		{479D7DD0-68F4-4638-8212-37FE3FBAE7B5}.Debug|x64.ActiveCfg = Debug|Any CPU
		{479D7DD0-68F4-4638-8212-37FE3FBAE7B5}.Debug|x64.Build.0 = Debug|Any CPU
		{479D7DD0-68F4-4638-8212-37FE3FBAE7B5}.Debug|x86.ActiveCfg = Debug|Any CPU
		{479D7DD0-68F4-4638-8212-37FE3FBAE7B5}.Debug|x86.Build.0 = Debug|Any CPU
		{479D7DD0-68F4-4638-8212-37FE3FBAE7B5}.Qual|Any CPU.ActiveCfg = Debug|Any CPU
		{479D7DD0-68F4-4638-8212-37FE3FBAE7B5}.Qual|Any CPU.Build.0 = Debug|Any CPU
		{479D7DD0-68F4-4638-8212-37FE3FBAE7B5}.Qual|x64.ActiveCfg = Debug|Any CPU
		{479D7DD0-68F4-4638-8212-37FE3FBAE7B5}.Qual|x64.Build.0 = Debug|Any CPU
		{479D7DD0-68F4-4638-8212-37FE3FBAE7B5}.Qual|x86.ActiveCfg = Debug|Any CPU
		{479D7DD0-68F4-4638-8212-37FE3FBAE7B5}.Qual|x86.Build.0 = Debug|Any CPU
		{479D7DD0-68F4-4638-8212-37FE3FBAE7B5}.Release|Any CPU.ActiveCfg = Release|Any CPU
		{479D7DD0-68F4-4638-8212-37FE3FBAE7B5}.Release|Any CPU.Build.0 = Release|Any CPU
		{479D7DD0-68F4-4638-8212-37FE3FBAE7B5}.Release|x64.ActiveCfg = Release|Any CPU
		{479D7DD0-68F4-4638-8212-37FE3FBAE7B5}.Release|x64.Build.0 = Release|Any CPU
		{479D7DD0-68F4-4638-8212-37FE3FBAE7B5}.Release|x86.ActiveCfg = Release|Any CPU
		{479D7DD0-68F4-4638-8212-37FE3FBAE7B5}.Release|x86.Build.0 = Release|Any CPU
	EndGlobalSection
	GlobalSection(SolutionProperties) = preSolution
		HideSolutionNode = FALSE
	EndGlobalSection
	GlobalSection(ExtensibilityGlobals) = postSolution
		SolutionGuid = {BE172951-EA71-47F0-BE79-E6174B99B2B1}
	EndGlobalSection
EndGlobal
